
Microsoft Visual Studio Solution File, Format Version 12.00
# Visual Studio Version 17
VisualStudioVersion = 17.9.34728.123
MinimumVisualStudioVersion = 10.0.40219.1
Project("{9A19103F-16F7-4668-BE54-9A1E7A4F7556}") = "WebApp", "WebApp\WebApp.csproj", "{F73EC24C-F9F3-4177-B1D7-CC78DA8F7C46}"
EndProject
Project("{FAE04EC0-301F-11D3-BF4B-00C04F79EFBC}") = "SanPham.NetCore", "SanPham.NetCore\SanPham.NetCore.csproj", "{CCB4033A-BC15-447A-9138-03E6AE598760}"
EndProject
Global
	GlobalSection(SolutionConfigurationPlatforms) = preSolution
		Debug|Any CPU = Debug|Any CPU
		Release|Any CPU = Release|Any CPU
	EndGlobalSection
	GlobalSection(ProjectConfigurationPlatforms) = postSolution
		{F73EC24C-F9F3-4177-B1D7-CC78DA8F7C46}.Debug|Any CPU.ActiveCfg = Debug|Any CPU
		{F73EC24C-F9F3-4177-B1D7-CC78DA8F7C46}.Debug|Any CPU.Build.0 = Debug|Any CPU
		{F73EC24C-F9F3-4177-B1D7-CC78DA8F7C46}.Release|Any CPU.ActiveCfg = Release|Any CPU
		{F73EC24C-F9F3-4177-B1D7-CC78DA8F7C46}.Release|Any CPU.Build.0 = Release|Any CPU
		{CCB4033A-BC15-447A-9138-03E6AE598760}.Debug|Any CPU.ActiveCfg = Debug|Any CPU
		{CCB4033A-BC15-447A-9138-03E6AE598760}.Debug|Any CPU.Build.0 = Debug|Any CPU
		{CCB4033A-BC15-447A-9138-03E6AE598760}.Release|Any CPU.ActiveCfg = Release|Any CPU
		{CCB4033A-BC15-447A-9138-03E6AE598760}.Release|Any CPU.Build.0 = Release|Any CPU
	EndGlobalSection
	GlobalSection(SolutionProperties) = preSolution
		HideSolutionNode = FALSE
	EndGlobalSection
	GlobalSection(ExtensibilityGlobals) = postSolution
		SolutionGuid = {28704063-D478-4B06-80ED-DDEB0D2F88B4}
	EndGlobalSection
EndGlobal
